
Microsoft Visual Studio Solution File, Format Version 12.00
# Visual Studio Version 17
VisualStudioVersion = 17.14.36109.1
MinimumVisualStudioVersion = 10.0.40219.1
Project("{00D1A9C2-B5F0-4AF3-8072-F6C62B433612}") = "DemoDb", "DemoDb\DemoDb.sqlproj", "{883C1F5A-73D0-4635-85E5-A5B784DC68E1}"
EndProject
Project("{FAE04EC0-301F-11D3-BF4B-00C04F79EFBC}") = "FamilyOrganizer.Api", "FamilyOrganizer.Api\FamilyOrganizer.Api.csproj", "{54D884CA-6D20-43AB-97F2-D2D5B1A8BC24}"
EndProject
Project("{FAE04EC0-301F-11D3-BF4B-00C04F79EFBC}") = "DataAccess", "DataAccess\DataAccess.csproj", "{11223F90-2842-4B5F-9382-BCB6A178B191}"
EndProject
Global
	GlobalSection(SolutionConfigurationPlatforms) = preSolution
		Debug|Any CPU = Debug|Any CPU
		Release|Any CPU = Release|Any CPU
	EndGlobalSection
	GlobalSection(ProjectConfigurationPlatforms) = postSolution
		{883C1F5A-73D0-4635-85E5-A5B784DC68E1}.Debug|Any CPU.ActiveCfg = Debug|Any CPU
		{883C1F5A-73D0-4635-85E5-A5B784DC68E1}.Debug|Any CPU.Build.0 = Debug|Any CPU
		{883C1F5A-73D0-4635-85E5-A5B784DC68E1}.Debug|Any CPU.Deploy.0 = Debug|Any CPU
		{883C1F5A-73D0-4635-85E5-A5B784DC68E1}.Release|Any CPU.ActiveCfg = Release|Any CPU
		{883C1F5A-73D0-4635-85E5-A5B784DC68E1}.Release|Any CPU.Build.0 = Release|Any CPU
		{883C1F5A-73D0-4635-85E5-A5B784DC68E1}.Release|Any CPU.Deploy.0 = Release|Any CPU
		{54D884CA-6D20-43AB-97F2-D2D5B1A8BC24}.Debug|Any CPU.ActiveCfg = Debug|Any CPU
		{54D884CA-6D20-43AB-97F2-D2D5B1A8BC24}.Debug|Any CPU.Build.0 = Debug|Any CPU
		{54D884CA-6D20-43AB-97F2-D2D5B1A8BC24}.Release|Any CPU.ActiveCfg = Release|Any CPU
		{54D884CA-6D20-43AB-97F2-D2D5B1A8BC24}.Release|Any CPU.Build.0 = Release|Any CPU
		{11223F90-2842-4B5F-9382-BCB6A178B191}.Debug|Any CPU.ActiveCfg = Debug|Any CPU
		{11223F90-2842-4B5F-9382-BCB6A178B191}.Debug|Any CPU.Build.0 = Debug|Any CPU
		{11223F90-2842-4B5F-9382-BCB6A178B191}.Release|Any CPU.ActiveCfg = Release|Any CPU
		{11223F90-2842-4B5F-9382-BCB6A178B191}.Release|Any CPU.Build.0 = Release|Any CPU
	EndGlobalSection
	GlobalSection(SolutionProperties) = preSolution
		HideSolutionNode = FALSE
	EndGlobalSection
	GlobalSection(ExtensibilityGlobals) = postSolution
		SolutionGuid = {B29838B9-F66C-412E-83AB-C7F097D2E2FD}
	EndGlobalSection
EndGlobal
